// !$*UTF8*$!
{
	archiveVersion = 1;
	classes = {
	};
	objectVersion = 50;
	objects = {

/* Begin PBXBuildFile section */
		2D54DDE326976FCA00E19DCA /* SwiftUI_GraphicsApp.swift in Sources */ = {isa = PBXBuildFile; fileRef = 2D54DDE226976FCA00E19DCA /* SwiftUI_GraphicsApp.swift */; };
		2D54DDE526976FCA00E19DCA /* ContentView.swift in Sources */ = {isa = PBXBuildFile; fileRef = 2D54DDE426976FCA00E19DCA /* ContentView.swift */; };
		2D54DDE726976FCD00E19DCA /* Assets.xcassets in Resources */ = {isa = PBXBuildFile; fileRef = 2D54DDE626976FCD00E19DCA /* Assets.xcassets */; };
		2D54DDEA26976FCD00E19DCA /* Preview Assets.xcassets in Resources */ = {isa = PBXBuildFile; fileRef = 2D54DDE926976FCD00E19DCA /* Preview Assets.xcassets */; };
		2D54DDF526976FCD00E19DCA /* SwiftUI_GraphicsTests.swift in Sources */ = {isa = PBXBuildFile; fileRef = 2D54DDF426976FCD00E19DCA /* SwiftUI_GraphicsTests.swift */; };
		2D54DE0026976FCD00E19DCA /* SwiftUI_GraphicsUITests.swift in Sources */ = {isa = PBXBuildFile; fileRef = 2D54DDFF26976FCD00E19DCA /* SwiftUI_GraphicsUITests.swift */; };
/* End PBXBuildFile section */

/* Begin PBXContainerItemProxy section */
		2D54DDF126976FCD00E19DCA /* PBXContainerItemProxy */ = {
			isa = PBXContainerItemProxy;
			containerPortal = 2D54DDD726976FCA00E19DCA /* Project object */;
			proxyType = 1;
			remoteGlobalIDString = 2D54DDDE26976FCA00E19DCA;
			remoteInfo = "SwiftUI-Graphics";
		};
		2D54DDFC26976FCD00E19DCA /* PBXContainerItemProxy */ = {
			isa = PBXContainerItemProxy;
			containerPortal = 2D54DDD726976FCA00E19DCA /* Project object */;
			proxyType = 1;
			remoteGlobalIDString = 2D54DDDE26976FCA00E19DCA;
			remoteInfo = "SwiftUI-Graphics";
		};
/* End PBXContainerItemProxy section */

/* Begin PBXFileReference section */
		2D54DDDF26976FCA00E19DCA /* SwiftUI-Graphics.app */ = {isa = PBXFileReference; explicitFileType = wrapper.application; includeInIndex = 0; path = "SwiftUI-Graphics.app"; sourceTree = BUILT_PRODUCTS_DIR; };
		2D54DDE226976FCA00E19DCA /* SwiftUI_GraphicsApp.swift */ = {isa = PBXFileReference; lastKnownFileType = sourcecode.swift; path = SwiftUI_GraphicsApp.swift; sourceTree = "<group>"; };
		2D54DDE426976FCA00E19DCA /* ContentView.swift */ = {isa = PBXFileReference; lastKnownFileType = sourcecode.swift; path = ContentView.swift; sourceTree = "<group>"; };
		2D54DDE626976FCD00E19DCA /* Assets.xcassets */ = {isa = PBXFileReference; lastKnownFileType = folder.assetcatalog; path = Assets.xcassets; sourceTree = "<group>"; };
		2D54DDE926976FCD00E19DCA /* Preview Assets.xcassets */ = {isa = PBXFileReference; lastKnownFileType = folder.assetcatalog; path = "Preview Assets.xcassets"; sourceTree = "<group>"; };
		2D54DDEB26976FCD00E19DCA /* Info.plist */ = {isa = PBXFileReference; lastKnownFileType = text.plist.xml; path = Info.plist; sourceTree = "<group>"; };
		2D54DDF026976FCD00E19DCA /* SwiftUI-GraphicsTests.xctest */ = {isa = PBXFileReference; explicitFileType = wrapper.cfbundle; includeInIndex = 0; path = "SwiftUI-GraphicsTests.xctest"; sourceTree = BUILT_PRODUCTS_DIR; };
		2D54DDF426976FCD00E19DCA /* SwiftUI_GraphicsTests.swift */ = {isa = PBXFileReference; lastKnownFileType = sourcecode.swift; path = SwiftUI_GraphicsTests.swift; sourceTree = "<group>"; };
		2D54DDF626976FCD00E19DCA /* Info.plist */ = {isa = PBXFileReference; lastKnownFileType = text.plist.xml; path = Info.plist; sourceTree = "<group>"; };
		2D54DDFB26976FCD00E19DCA /* SwiftUI-GraphicsUITests.xctest */ = {isa = PBXFileReference; explicitFileType = wrapper.cfbundle; includeInIndex = 0; path = "SwiftUI-GraphicsUITests.xctest"; sourceTree = BUILT_PRODUCTS_DIR; };
		2D54DDFF26976FCD00E19DCA /* SwiftUI_GraphicsUITests.swift */ = {isa = PBXFileReference; lastKnownFileType = sourcecode.swift; path = SwiftUI_GraphicsUITests.swift; sourceTree = "<group>"; };
		2D54DE0126976FCD00E19DCA /* Info.plist */ = {isa = PBXFileReference; lastKnownFileType = text.plist.xml; path = Info.plist; sourceTree = "<group>"; };
/* End PBXFileReference section */

/* Begin PBXFrameworksBuildPhase section */
		2D54DDDC26976FCA00E19DCA /* Frameworks */ = {
			isa = PBXFrameworksBuildPhase;
			buildActionMask = 2147483647;
			files = (
			);
			runOnlyForDeploymentPostprocessing = 0;
		};
		2D54DDED26976FCD00E19DCA /* Frameworks */ = {
			isa = PBXFrameworksBuildPhase;
			buildActionMask = 2147483647;
			files = (
			);
			runOnlyForDeploymentPostprocessing = 0;
		};
		2D54DDF826976FCD00E19DCA /* Frameworks */ = {
			isa = PBXFrameworksBuildPhase;
			buildActionMask = 2147483647;
			files = (
			);
			runOnlyForDeploymentPostprocessing = 0;
		};
/* End PBXFrameworksBuildPhase section */

/* Begin PBXGroup section */
		2D54DDD626976FCA00E19DCA = {
			isa = PBXGroup;
			children = (
				2D54DDE126976FCA00E19DCA /* SwiftUI-Graphics */,
				2D54DDF326976FCD00E19DCA /* SwiftUI-GraphicsTests */,
				2D54DDFE26976FCD00E19DCA /* SwiftUI-GraphicsUITests */,
				2D54DDE026976FCA00E19DCA /* Products */,
			);
			sourceTree = "<group>";
		};
		2D54DDE026976FCA00E19DCA /* Products */ = {
			isa = PBXGroup;
			children = (
				2D54DDDF26976FCA00E19DCA /* SwiftUI-Graphics.app */,
				2D54DDF026976FCD00E19DCA /* SwiftUI-GraphicsTests.xctest */,
				2D54DDFB26976FCD00E19DCA /* SwiftUI-GraphicsUITests.xctest */,
			);
			name = Products;
			sourceTree = "<group>";
		};
		2D54DDE126976FCA00E19DCA /* SwiftUI-Graphics */ = {
			isa = PBXGroup;
			children = (
				2D54DDE226976FCA00E19DCA /* SwiftUI_GraphicsApp.swift */,
				2D54DDE426976FCA00E19DCA /* ContentView.swift */,
				2D54DDE626976FCD00E19DCA /* Assets.xcassets */,
				2D54DDEB26976FCD00E19DCA /* Info.plist */,
				2D54DDE826976FCD00E19DCA /* Preview Content */,
			);
			path = "SwiftUI-Graphics";
			sourceTree = "<group>";
		};
		2D54DDE826976FCD00E19DCA /* Preview Content */ = {
			isa = PBXGroup;
			children = (
				2D54DDE926976FCD00E19DCA /* Preview Assets.xcassets */,
			);
			path = "Preview Content";
			sourceTree = "<group>";
		};
		2D54DDF326976FCD00E19DCA /* SwiftUI-GraphicsTests */ = {
			isa = PBXGroup;
			children = (
				2D54DDF426976FCD00E19DCA /* SwiftUI_GraphicsTests.swift */,
				2D54DDF626976FCD00E19DCA /* Info.plist */,
			);
			path = "SwiftUI-GraphicsTests";
			sourceTree = "<group>";
		};
		2D54DDFE26976FCD00E19DCA /* SwiftUI-GraphicsUITests */ = {
			isa = PBXGroup;
			children = (
				2D54DDFF26976FCD00E19DCA /* SwiftUI_GraphicsUITests.swift */,
				2D54DE0126976FCD00E19DCA /* Info.plist */,
			);
			path = "SwiftUI-GraphicsUITests";
			sourceTree = "<group>";
		};
/* End PBXGroup section */

/* Begin PBXNativeTarget section */
		2D54DDDE26976FCA00E19DCA /* SwiftUI-Graphics */ = {
			isa = PBXNativeTarget;
			buildConfigurationList = 2D54DE0426976FCD00E19DCA /* Build configuration list for PBXNativeTarget "SwiftUI-Graphics" */;
			buildPhases = (
				2D54DDDB26976FCA00E19DCA /* Sources */,
				2D54DDDC26976FCA00E19DCA /* Frameworks */,
				2D54DDDD26976FCA00E19DCA /* Resources */,
			);
			buildRules = (
			);
			dependencies = (
			);
			name = "SwiftUI-Graphics";
			productName = "SwiftUI-Graphics";
			productReference = 2D54DDDF26976FCA00E19DCA /* SwiftUI-Graphics.app */;
			productType = "com.apple.product-type.application";
		};
		2D54DDEF26976FCD00E19DCA /* SwiftUI-GraphicsTests */ = {
			isa = PBXNativeTarget;
			buildConfigurationList = 2D54DE0726976FCD00E19DCA /* Build configuration list for PBXNativeTarget "SwiftUI-GraphicsTests" */;
			buildPhases = (
				2D54DDEC26976FCD00E19DCA /* Sources */,
				2D54DDED26976FCD00E19DCA /* Frameworks */,
				2D54DDEE26976FCD00E19DCA /* Resources */,
			);
			buildRules = (
			);
			dependencies = (
				2D54DDF226976FCD00E19DCA /* PBXTargetDependency */,
			);
			name = "SwiftUI-GraphicsTests";
			productName = "SwiftUI-GraphicsTests";
			productReference = 2D54DDF026976FCD00E19DCA /* SwiftUI-GraphicsTests.xctest */;
			productType = "com.apple.product-type.bundle.unit-test";
		};
		2D54DDFA26976FCD00E19DCA /* SwiftUI-GraphicsUITests */ = {
			isa = PBXNativeTarget;
			buildConfigurationList = 2D54DE0A26976FCD00E19DCA /* Build configuration list for PBXNativeTarget "SwiftUI-GraphicsUITests" */;
			buildPhases = (
				2D54DDF726976FCD00E19DCA /* Sources */,
				2D54DDF826976FCD00E19DCA /* Frameworks */,
				2D54DDF926976FCD00E19DCA /* Resources */,
			);
			buildRules = (
			);
			dependencies = (
				2D54DDFD26976FCD00E19DCA /* PBXTargetDependency */,
			);
			name = "SwiftUI-GraphicsUITests";
			productName = "SwiftUI-GraphicsUITests";
			productReference = 2D54DDFB26976FCD00E19DCA /* SwiftUI-GraphicsUITests.xctest */;
			productType = "com.apple.product-type.bundle.ui-testing";
		};
/* End PBXNativeTarget section */

/* Begin PBXProject section */
		2D54DDD726976FCA00E19DCA /* Project object */ = {
			isa = PBXProject;
			attributes = {
				LastSwiftUpdateCheck = 1240;
				LastUpgradeCheck = 1240;
				TargetAttributes = {
					2D54DDDE26976FCA00E19DCA = {
						CreatedOnToolsVersion = 12.4;
					};
					2D54DDEF26976FCD00E19DCA = {
						CreatedOnToolsVersion = 12.4;
						TestTargetID = 2D54DDDE26976FCA00E19DCA;
					};
					2D54DDFA26976FCD00E19DCA = {
						CreatedOnToolsVersion = 12.4;
						TestTargetID = 2D54DDDE26976FCA00E19DCA;
					};
				};
			};
			buildConfigurationList = 2D54DDDA26976FCA00E19DCA /* Build configuration list for PBXProject "SwiftUI-Graphics" */;
			compatibilityVersion = "Xcode 9.3";
			developmentRegion = en;
			hasScannedForEncodings = 0;
			knownRegions = (
				en,
				Base,
			);
			mainGroup = 2D54DDD626976FCA00E19DCA;
			productRefGroup = 2D54DDE026976FCA00E19DCA /* Products */;
			projectDirPath = "";
			projectRoot = "";
			targets = (
				2D54DDDE26976FCA00E19DCA /* SwiftUI-Graphics */,
				2D54DDEF26976FCD00E19DCA /* SwiftUI-GraphicsTests */,
				2D54DDFA26976FCD00E19DCA /* SwiftUI-GraphicsUITests */,
			);
		};
/* End PBXProject section */

/* Begin PBXResourcesBuildPhase section */
		2D54DDDD26976FCA00E19DCA /* Resources */ = {
			isa = PBXResourcesBuildPhase;
			buildActionMask = 2147483647;
			files = (
				2D54DDEA26976FCD00E19DCA /* Preview Assets.xcassets in Resources */,
				2D54DDE726976FCD00E19DCA /* Assets.xcassets in Resources */,
			);
			runOnlyForDeploymentPostprocessing = 0;
		};
		2D54DDEE26976FCD00E19DCA /* Resources */ = {
			isa = PBXResourcesBuildPhase;
			buildActionMask = 2147483647;
			files = (
			);
			runOnlyForDeploymentPostprocessing = 0;
		};
		2D54DDF926976FCD00E19DCA /* Resources */ = {
			isa = PBXResourcesBuildPhase;
			buildActionMask = 2147483647;
			files = (
			);
			runOnlyForDeploymentPostprocessing = 0;
		};
/* End PBXResourcesBuildPhase section */

/* Begin PBXSourcesBuildPhase section */
		2D54DDDB26976FCA00E19DCA /* Sources */ = {
			isa = PBXSourcesBuildPhase;
			buildActionMask = 2147483647;
			files = (
				2D54DDE526976FCA00E19DCA /* ContentView.swift in Sources */,
				2D54DDE326976FCA00E19DCA /* SwiftUI_GraphicsApp.swift in Sources */,
			);
			runOnlyForDeploymentPostprocessing = 0;
		};
		2D54DDEC26976FCD00E19DCA /* Sources */ = {
			isa = PBXSourcesBuildPhase;
			buildActionMask = 2147483647;
			files = (
				2D54DDF526976FCD00E19DCA /* SwiftUI_GraphicsTests.swift in Sources */,
			);
			runOnlyForDeploymentPostprocessing = 0;
		};
		2D54DDF726976FCD00E19DCA /* Sources */ = {
			isa = PBXSourcesBuildPhase;
			buildActionMask = 2147483647;
			files = (
				2D54DE0026976FCD00E19DCA /* SwiftUI_GraphicsUITests.swift in Sources */,
			);
			runOnlyForDeploymentPostprocessing = 0;
		};
/* End PBXSourcesBuildPhase section */

/* Begin PBXTargetDependency section */
		2D54DDF226976FCD00E19DCA /* PBXTargetDependency */ = {
			isa = PBXTargetDependency;
			target = 2D54DDDE26976FCA00E19DCA /* SwiftUI-Graphics */;
			targetProxy = 2D54DDF126976FCD00E19DCA /* PBXContainerItemProxy */;
		};
		2D54DDFD26976FCD00E19DCA /* PBXTargetDependency */ = {
			isa = PBXTargetDependency;
			target = 2D54DDDE26976FCA00E19DCA /* SwiftUI-Graphics */;
			targetProxy = 2D54DDFC26976FCD00E19DCA /* PBXContainerItemProxy */;
		};
/* End PBXTargetDependency section */

/* Begin XCBuildConfiguration section */
		2D54DE0226976FCD00E19DCA /* Debug */ = {
			isa = XCBuildConfiguration;
			buildSettings = {
				ALWAYS_SEARCH_USER_PATHS = NO;
				CLANG_ANALYZER_NONNULL = YES;
				CLANG_ANALYZER_NUMBER_OBJECT_CONVERSION = YES_AGGRESSIVE;
				CLANG_CXX_LANGUAGE_STANDARD = "gnu++14";
				CLANG_CXX_LIBRARY = "libc++";
				CLANG_ENABLE_MODULES = YES;
				CLANG_ENABLE_OBJC_ARC = YES;
				CLANG_ENABLE_OBJC_WEAK = YES;
				CLANG_WARN_BLOCK_CAPTURE_AUTORELEASING = YES;
				CLANG_WARN_BOOL_CONVERSION = YES;
				CLANG_WARN_COMMA = YES;
				CLANG_WARN_CONSTANT_CONVERSION = YES;
				CLANG_WARN_DEPRECATED_OBJC_IMPLEMENTATIONS = YES;
				CLANG_WARN_DIRECT_OBJC_ISA_USAGE = YES_ERROR;
				CLANG_WARN_DOCUMENTATION_COMMENTS = YES;
				CLANG_WARN_EMPTY_BODY = YES;
				CLANG_WARN_ENUM_CONVERSION = YES;
				CLANG_WARN_INFINITE_RECURSION = YES;
				CLANG_WARN_INT_CONVERSION = YES;
				CLANG_WARN_NON_LITERAL_NULL_CONVERSION = YES;
				CLANG_WARN_OBJC_IMPLICIT_RETAIN_SELF = YES;
				CLANG_WARN_OBJC_LITERAL_CONVERSION = YES;
				CLANG_WARN_OBJC_ROOT_CLASS = YES_ERROR;
				CLANG_WARN_QUOTED_INCLUDE_IN_FRAMEWORK_HEADER = YES;
				CLANG_WARN_RANGE_LOOP_ANALYSIS = YES;
				CLANG_WARN_STRICT_PROTOTYPES = YES;
				CLANG_WARN_SUSPICIOUS_MOVE = YES;
				CLANG_WARN_UNGUARDED_AVAILABILITY = YES_AGGRESSIVE;
				CLANG_WARN_UNREACHABLE_CODE = YES;
				CLANG_WARN__DUPLICATE_METHOD_MATCH = YES;
				COPY_PHASE_STRIP = NO;
				DEBUG_INFORMATION_FORMAT = dwarf;
				ENABLE_STRICT_OBJC_MSGSEND = YES;
				ENABLE_TESTABILITY = YES;
				GCC_C_LANGUAGE_STANDARD = gnu11;
				GCC_DYNAMIC_NO_PIC = NO;
				GCC_NO_COMMON_BLOCKS = YES;
				GCC_OPTIMIZATION_LEVEL = 0;
				GCC_PREPROCESSOR_DEFINITIONS = (
					"DEBUG=1",
					"$(inherited)",
				);
				GCC_WARN_64_TO_32_BIT_CONVERSION = YES;
				GCC_WARN_ABOUT_RETURN_TYPE = YES_ERROR;
				GCC_WARN_UNDECLARED_SELECTOR = YES;
				GCC_WARN_UNINITIALIZED_AUTOS = YES_AGGRESSIVE;
				GCC_WARN_UNUSED_FUNCTION = YES;
				GCC_WARN_UNUSED_VARIABLE = YES;
				IPHONEOS_DEPLOYMENT_TARGET = 14.4;
				MTL_ENABLE_DEBUG_INFO = INCLUDE_SOURCE;
				MTL_FAST_MATH = YES;
				ONLY_ACTIVE_ARCH = YES;
				SDKROOT = iphoneos;
				SWIFT_ACTIVE_COMPILATION_CONDITIONS = DEBUG;
				SWIFT_OPTIMIZATION_LEVEL = "-Onone";
			};
			name = Debug;
		};
		2D54DE0326976FCD00E19DCA /* Release */ = {
			isa = XCBuildConfiguration;
			buildSettings = {
				ALWAYS_SEARCH_USER_PATHS = NO;
				CLANG_ANALYZER_NONNULL = YES;
				CLANG_ANALYZER_NUMBER_OBJECT_CONVERSION = YES_AGGRESSIVE;
				CLANG_CXX_LANGUAGE_STANDARD = "gnu++14";
				CLANG_CXX_LIBRARY = "libc++";
				CLANG_ENABLE_MODULES = YES;
				CLANG_ENABLE_OBJC_ARC = YES;
				CLANG_ENABLE_OBJC_WEAK = YES;
				CLANG_WARN_BLOCK_CAPTURE_AUTORELEASING = YES;
				CLANG_WARN_BOOL_CONVERSION = YES;
				CLANG_WARN_COMMA = YES;
				CLANG_WARN_CONSTANT_CONVERSION = YES;
				CLANG_WARN_DEPRECATED_OBJC_IMPLEMENTATIONS = YES;
				CLANG_WARN_DIRECT_OBJC_ISA_USAGE = YES_ERROR;
				CLANG_WARN_DOCUMENTATION_COMMENTS = YES;
				CLANG_WARN_EMPTY_BODY = YES;
				CLANG_WARN_ENUM_CONVERSION = YES;
				CLANG_WARN_INFINITE_RECURSION = YES;
				CLANG_WARN_INT_CONVERSION = YES;
				CLANG_WARN_NON_LITERAL_NULL_CONVERSION = YES;
				CLANG_WARN_OBJC_IMPLICIT_RETAIN_SELF = YES;
				CLANG_WARN_OBJC_LITERAL_CONVERSION = YES;
				CLANG_WARN_OBJC_ROOT_CLASS = YES_ERROR;
				CLANG_WARN_QUOTED_INCLUDE_IN_FRAMEWORK_HEADER = YES;
				CLANG_WARN_RANGE_LOOP_ANALYSIS = YES;
				CLANG_WARN_STRICT_PROTOTYPES = YES;
				CLANG_WARN_SUSPICIOUS_MOVE = YES;
				CLANG_WARN_UNGUARDED_AVAILABILITY = YES_AGGRESSIVE;
				CLANG_WARN_UNREACHABLE_CODE = YES;
				CLANG_WARN__DUPLICATE_METHOD_MATCH = YES;
				COPY_PHASE_STRIP = NO;
				DEBUG_INFORMATION_FORMAT = "dwarf-with-dsym";
				ENABLE_NS_ASSERTIONS = NO;
				ENABLE_STRICT_OBJC_MSGSEND = YES;
				GCC_C_LANGUAGE_STANDARD = gnu11;
				GCC_NO_COMMON_BLOCKS = YES;
				GCC_WARN_64_TO_32_BIT_CONVERSION = YES;
				GCC_WARN_ABOUT_RETURN_TYPE = YES_ERROR;
				GCC_WARN_UNDECLARED_SELECTOR = YES;
				GCC_WARN_UNINITIALIZED_AUTOS = YES_AGGRESSIVE;
				GCC_WARN_UNUSED_FUNCTION = YES;
				GCC_WARN_UNUSED_VARIABLE = YES;
				IPHONEOS_DEPLOYMENT_TARGET = 14.4;
				MTL_ENABLE_DEBUG_INFO = NO;
				MTL_FAST_MATH = YES;
				SDKROOT = iphoneos;
				SWIFT_COMPILATION_MODE = wholemodule;
				SWIFT_OPTIMIZATION_LEVEL = "-O";
				VALIDATE_PRODUCT = YES;
			};
			name = Release;
		};
		2D54DE0526976FCD00E19DCA /* Debug */ = {
			isa = XCBuildConfiguration;
			buildSettings = {
				ASSETCATALOG_COMPILER_APPICON_NAME = AppIcon;
				ASSETCATALOG_COMPILER_GLOBAL_ACCENT_COLOR_NAME = AccentColor;
				CODE_SIGN_STYLE = Automatic;
				DEVELOPMENT_ASSET_PATHS = "\"SwiftUI-Graphics/Preview Content\"";
				DEVELOPMENT_TEAM = AAWXZ6PH5F;
				ENABLE_PREVIEWS = YES;
				INFOPLIST_FILE = "SwiftUI-Graphics/Info.plist";
				IPHONEOS_DEPLOYMENT_TARGET = 14.0;
				LD_RUNPATH_SEARCH_PATHS = (
					"$(inherited)",
					"@executable_path/Frameworks",
				);
				PRODUCT_BUNDLE_IDENTIFIER = "Techzi.SwiftUI-Graphics";
				PRODUCT_NAME = "$(TARGET_NAME)";
				SWIFT_VERSION = 5.0;
				TARGETED_DEVICE_FAMILY = "1,2";
			};
			name = Debug;
		};
		2D54DE0626976FCD00E19DCA /* Release */ = {
			isa = XCBuildConfiguration;
			buildSettings = {
				ASSETCATALOG_COMPILER_APPICON_NAME = AppIcon;
				ASSETCATALOG_COMPILER_GLOBAL_ACCENT_COLOR_NAME = AccentColor;
				CODE_SIGN_STYLE = Automatic;
				DEVELOPMENT_ASSET_PATHS = "\"SwiftUI-Graphics/Preview Content\"";
				DEVELOPMENT_TEAM = AAWXZ6PH5F;
				ENABLE_PREVIEWS = YES;
				INFOPLIST_FILE = "SwiftUI-Graphics/Info.plist";
				IPHONEOS_DEPLOYMENT_TARGET = 14.0;
				LD_RUNPATH_SEARCH_PATHS = (
					"$(inherited)",
					"@executable_path/Frameworks",
				);
				PRODUCT_BUNDLE_IDENTIFIER = "Techzi.SwiftUI-Graphics";
				PRODUCT_NAME = "$(TARGET_NAME)";
				SWIFT_VERSION = 5.0;
				TARGETED_DEVICE_FAMILY = "1,2";
			};
			name = Release;
		};
		2D54DE0826976FCD00E19DCA /* Debug */ = {
			isa = XCBuildConfiguration;
			buildSettings = {
				ALWAYS_EMBED_SWIFT_STANDARD_LIBRARIES = YES;
				BUNDLE_LOADER = "$(TEST_HOST)";
				CODE_SIGN_STYLE = Automatic;
				DEVELOPMENT_TEAM = AAWXZ6PH5F;
				INFOPLIST_FILE = "SwiftUI-GraphicsTests/Info.plist";
				IPHONEOS_DEPLOYMENT_TARGET = 14.0;
				LD_RUNPATH_SEARCH_PATHS = (
					"$(inherited)",
					"@executable_path/Frameworks",
					"@loader_path/Frameworks",
				);
				PRODUCT_BUNDLE_IDENTIFIER = "Techzi.SwiftUI-GraphicsTests";
				PRODUCT_NAME = "$(TARGET_NAME)";
				SWIFT_VERSION = 5.0;
				TARGETED_DEVICE_FAMILY = "1,2";
				TEST_HOST = "$(BUILT_PRODUCTS_DIR)/SwiftUI-Graphics.app/SwiftUI-Graphics";
			};
			name = Debug;
		};
		2D54DE0926976FCD00E19DCA /* Release */ = {
			isa = XCBuildConfiguration;
			buildSettings = {
				ALWAYS_EMBED_SWIFT_STANDARD_LIBRARIES = YES;
				BUNDLE_LOADER = "$(TEST_HOST)";
				CODE_SIGN_STYLE = Automatic;
				DEVELOPMENT_TEAM = AAWXZ6PH5F;
				INFOPLIST_FILE = "SwiftUI-GraphicsTests/Info.plist";
				IPHONEOS_DEPLOYMENT_TARGET = 14.0;
				LD_RUNPATH_SEARCH_PATHS = (
					"$(inherited)",
					"@executable_path/Frameworks",
					"@loader_path/Frameworks",
				);
				PRODUCT_BUNDLE_IDENTIFIER = "Techzi.SwiftUI-GraphicsTests";
				PRODUCT_NAME = "$(TARGET_NAME)";
				SWIFT_VERSION = 5.0;
				TARGETED_DEVICE_FAMILY = "1,2";
				TEST_HOST = "$(BUILT_PRODUCTS_DIR)/SwiftUI-Graphics.app/SwiftUI-Graphics";
			};
			name = Release;
		};
		2D54DE0B26976FCD00E19DCA /* Debug */ = {
			isa = XCBuildConfiguration;
			buildSettings = {
				ALWAYS_EMBED_SWIFT_STANDARD_LIBRARIES = YES;
				CODE_SIGN_STYLE = Automatic;
				DEVELOPMENT_TEAM = AAWXZ6PH5F;
				INFOPLIST_FILE = "SwiftUI-GraphicsUITests/Info.plist";
				LD_RUNPATH_SEARCH_PATHS = (
					"$(inherited)",
					"@executable_path/Frameworks",
					"@loader_path/Frameworks",
				);
				PRODUCT_BUNDLE_IDENTIFIER = "Techzi.SwiftUI-GraphicsUITests";
				PRODUCT_NAME = "$(TARGET_NAME)";
				SWIFT_VERSION = 5.0;
				TARGETED_DEVICE_FAMILY = "1,2";
				TEST_TARGET_NAME = "SwiftUI-Graphics";
			};
			name = Debug;
		};
		2D54DE0C26976FCD00E19DCA /* Release */ = {
			isa = XCBuildConfiguration;
			buildSettings = {
				ALWAYS_EMBED_SWIFT_STANDARD_LIBRARIES = YES;
				CODE_SIGN_STYLE = Automatic;
				DEVELOPMENT_TEAM = AAWXZ6PH5F;
				INFOPLIST_FILE = "SwiftUI-GraphicsUITests/Info.plist";
				LD_RUNPATH_SEARCH_PATHS = (
					"$(inherited)",
					"@executable_path/Frameworks",
					"@loader_path/Frameworks",
				);
				PRODUCT_BUNDLE_IDENTIFIER = "Techzi.SwiftUI-GraphicsUITests";
				PRODUCT_NAME = "$(TARGET_NAME)";
				SWIFT_VERSION = 5.0;
				TARGETED_DEVICE_FAMILY = "1,2";
				TEST_TARGET_NAME = "SwiftUI-Graphics";
			};
			name = Release;
		};
/* End XCBuildConfiguration section */

/* Begin XCConfigurationList section */
		2D54DDDA26976FCA00E19DCA /* Build configuration list for PBXProject "SwiftUI-Graphics" */ = {
			isa = XCConfigurationList;
			buildConfigurations = (
				2D54DE0226976FCD00E19DCA /* Debug */,
				2D54DE0326976FCD00E19DCA /* Release */,
			);
			defaultConfigurationIsVisible = 0;
			defaultConfigurationName = Release;
		};
		2D54DE0426976FCD00E19DCA /* Build configuration list for PBXNativeTarget "SwiftUI-Graphics" */ = {
			isa = XCConfigurationList;
			buildConfigurations = (
				2D54DE0526976FCD00E19DCA /* Debug */,
				2D54DE0626976FCD00E19DCA /* Release */,
			);
			defaultConfigurationIsVisible = 0;
			defaultConfigurationName = Release;
		};
		2D54DE0726976FCD00E19DCA /* Build configuration list for PBXNativeTarget "SwiftUI-GraphicsTests" */ = {
			isa = XCConfigurationList;
			buildConfigurations = (
				2D54DE0826976FCD00E19DCA /* Debug */,
				2D54DE0926976FCD00E19DCA /* Release */,
			);
			defaultConfigurationIsVisible = 0;
			defaultConfigurationName = Release;
		};
		2D54DE0A26976FCD00E19DCA /* Build configuration list for PBXNativeTarget "SwiftUI-GraphicsUITests" */ = {
			isa = XCConfigurationList;
			buildConfigurations = (
				2D54DE0B26976FCD00E19DCA /* Debug */,
				2D54DE0C26976FCD00E19DCA /* Release */,
			);
			defaultConfigurationIsVisible = 0;
			defaultConfigurationName = Release;
		};
/* End XCConfigurationList section */
	};
	rootObject = 2D54DDD726976FCA00E19DCA /* Project object */;
}
